// !$*UTF8*$!
{
	archiveVersion = 1;
	classes = {
	};
	objectVersion = 56;
	objects = {

/* Begin PBXBuildFile section */
		1336A5E82CFB868700F4D0B0 /* GoalsView.swift in Sources */ = {isa = PBXBuildFile; fileRef = 1336A5E72CFB868700F4D0B0 /* GoalsView.swift */; };
		1336A5EA2CFBADA200F4D0B0 /* MotivationView.swift in Sources */ = {isa = PBXBuildFile; fileRef = 1336A5E92CFBADA200F4D0B0 /* MotivationView.swift */; };
		136253922CEF2A020056FD3D /* FitnessTrackerAppApp.swift in Sources */ = {isa = PBXBuildFile; fileRef = 136253912CEF2A020056FD3D /* FitnessTrackerAppApp.swift */; };
		136253942CEF2A020056FD3D /* ContentView.swift in Sources */ = {isa = PBXBuildFile; fileRef = 136253932CEF2A020056FD3D /* ContentView.swift */; };
		136253962CEF2A060056FD3D /* Assets.xcassets in Resources */ = {isa = PBXBuildFile; fileRef = 136253952CEF2A060056FD3D /* Assets.xcassets */; };
		136253992CEF2A060056FD3D /* Preview Assets.xcassets in Resources */ = {isa = PBXBuildFile; fileRef = 136253982CEF2A060056FD3D /* Preview Assets.xcassets */; };
		136253A32CEF2A070056FD3D /* FitnessTrackerAppTests.swift in Sources */ = {isa = PBXBuildFile; fileRef = 136253A22CEF2A070056FD3D /* FitnessTrackerAppTests.swift */; };
		136253AD2CEF2A070056FD3D /* FitnessTrackerAppUITests.swift in Sources */ = {isa = PBXBuildFile; fileRef = 136253AC2CEF2A070056FD3D /* FitnessTrackerAppUITests.swift */; };
		136253AF2CEF2A070056FD3D /* FitnessTrackerAppUITestsLaunchTests.swift in Sources */ = {isa = PBXBuildFile; fileRef = 136253AE2CEF2A070056FD3D /* FitnessTrackerAppUITestsLaunchTests.swift */; };
		136253BC2CEF2B1C0056FD3D /* FitnessTabView.swift in Sources */ = {isa = PBXBuildFile; fileRef = 136253BB2CEF2B1C0056FD3D /* FitnessTabView.swift */; };
		136253C62CEF2CF70056FD3D /* HomeView.swift in Sources */ = {isa = PBXBuildFile; fileRef = 136253C52CEF2CF70056FD3D /* HomeView.swift */; };
		136253C82CEF2D9F0056FD3D /* ActivityCard.swift in Sources */ = {isa = PBXBuildFile; fileRef = 136253C72CEF2D9F0056FD3D /* ActivityCard.swift */; };
		136253CA2CEF35010056FD3D /* HealthManager.swift in Sources */ = {isa = PBXBuildFile; fileRef = 136253C92CEF35010056FD3D /* HealthManager.swift */; };
/* End PBXBuildFile section */

/* Begin PBXContainerItemProxy section */
		1362539F2CEF2A070056FD3D /* PBXContainerItemProxy */ = {
			isa = PBXContainerItemProxy;
			containerPortal = 136253862CEF2A020056FD3D /* Project object */;
			proxyType = 1;
			remoteGlobalIDString = 1362538D2CEF2A020056FD3D;
			remoteInfo = FitnessTrackerApp;
		};
		136253A92CEF2A070056FD3D /* PBXContainerItemProxy */ = {
			isa = PBXContainerItemProxy;
			containerPortal = 136253862CEF2A020056FD3D /* Project object */;
			proxyType = 1;
			remoteGlobalIDString = 1362538D2CEF2A020056FD3D;
			remoteInfo = FitnessTrackerApp;
		};
/* End PBXContainerItemProxy section */

/* Begin PBXFileReference section */
		1336A5E72CFB868700F4D0B0 /* GoalsView.swift */ = {isa = PBXFileReference; lastKnownFileType = sourcecode.swift; path = GoalsView.swift; sourceTree = "<group>"; };
		1336A5E92CFBADA200F4D0B0 /* MotivationView.swift */ = {isa = PBXFileReference; lastKnownFileType = sourcecode.swift; path = MotivationView.swift; sourceTree = "<group>"; };
		1362538E2CEF2A020056FD3D /* FitnessTrackerApp.app */ = {isa = PBXFileReference; explicitFileType = wrapper.application; includeInIndex = 0; path = FitnessTrackerApp.app; sourceTree = BUILT_PRODUCTS_DIR; };
		136253912CEF2A020056FD3D /* FitnessTrackerAppApp.swift */ = {isa = PBXFileReference; lastKnownFileType = sourcecode.swift; path = FitnessTrackerAppApp.swift; sourceTree = "<group>"; };
		136253932CEF2A020056FD3D /* ContentView.swift */ = {isa = PBXFileReference; lastKnownFileType = sourcecode.swift; path = ContentView.swift; sourceTree = "<group>"; };
		136253952CEF2A060056FD3D /* Assets.xcassets */ = {isa = PBXFileReference; lastKnownFileType = folder.assetcatalog; path = Assets.xcassets; sourceTree = "<group>"; };
		136253982CEF2A060056FD3D /* Preview Assets.xcassets */ = {isa = PBXFileReference; lastKnownFileType = folder.assetcatalog; path = "Preview Assets.xcassets"; sourceTree = "<group>"; };
		1362539E2CEF2A070056FD3D /* FitnessTrackerAppTests.xctest */ = {isa = PBXFileReference; explicitFileType = wrapper.cfbundle; includeInIndex = 0; path = FitnessTrackerAppTests.xctest; sourceTree = BUILT_PRODUCTS_DIR; };
		136253A22CEF2A070056FD3D /* FitnessTrackerAppTests.swift */ = {isa = PBXFileReference; lastKnownFileType = sourcecode.swift; path = FitnessTrackerAppTests.swift; sourceTree = "<group>"; };
		136253A82CEF2A070056FD3D /* FitnessTrackerAppUITests.xctest */ = {isa = PBXFileReference; explicitFileType = wrapper.cfbundle; includeInIndex = 0; path = FitnessTrackerAppUITests.xctest; sourceTree = BUILT_PRODUCTS_DIR; };
		136253AC2CEF2A070056FD3D /* FitnessTrackerAppUITests.swift */ = {isa = PBXFileReference; lastKnownFileType = sourcecode.swift; path = FitnessTrackerAppUITests.swift; sourceTree = "<group>"; };
		136253AE2CEF2A070056FD3D /* FitnessTrackerAppUITestsLaunchTests.swift */ = {isa = PBXFileReference; lastKnownFileType = sourcecode.swift; path = FitnessTrackerAppUITestsLaunchTests.swift; sourceTree = "<group>"; };
		136253BB2CEF2B1C0056FD3D /* FitnessTabView.swift */ = {isa = PBXFileReference; lastKnownFileType = sourcecode.swift; path = FitnessTabView.swift; sourceTree = "<group>"; };
		136253C52CEF2CF70056FD3D /* HomeView.swift */ = {isa = PBXFileReference; lastKnownFileType = sourcecode.swift; path = HomeView.swift; sourceTree = "<group>"; };
		136253C72CEF2D9F0056FD3D /* ActivityCard.swift */ = {isa = PBXFileReference; lastKnownFileType = sourcecode.swift; path = ActivityCard.swift; sourceTree = "<group>"; };
		136253C92CEF35010056FD3D /* HealthManager.swift */ = {isa = PBXFileReference; lastKnownFileType = sourcecode.swift; path = HealthManager.swift; sourceTree = "<group>"; };
		136253CB2CEF3B2E0056FD3D /* FitnessTrackerApp.entitlements */ = {isa = PBXFileReference; lastKnownFileType = text.plist.entitlements; path = FitnessTrackerApp.entitlements; sourceTree = "<group>"; };
/* End PBXFileReference section */

/* Begin PBXFrameworksBuildPhase section */
		1362538B2CEF2A020056FD3D /* Frameworks */ = {
			isa = PBXFrameworksBuildPhase;
			buildActionMask = 2147483647;
			files = (
			);
			runOnlyForDeploymentPostprocessing = 0;
		};
		1362539B2CEF2A070056FD3D /* Frameworks */ = {
			isa = PBXFrameworksBuildPhase;
			buildActionMask = 2147483647;
			files = (
			);
			runOnlyForDeploymentPostprocessing = 0;
		};
		136253A52CEF2A070056FD3D /* Frameworks */ = {
			isa = PBXFrameworksBuildPhase;
			buildActionMask = 2147483647;
			files = (
			);
			runOnlyForDeploymentPostprocessing = 0;
		};
/* End PBXFrameworksBuildPhase section */

/* Begin PBXGroup section */
		136253852CEF2A020056FD3D = {
			isa = PBXGroup;
			children = (
				136253902CEF2A020056FD3D /* FitnessTrackerApp */,
				136253A12CEF2A070056FD3D /* FitnessTrackerAppTests */,
				136253AB2CEF2A070056FD3D /* FitnessTrackerAppUITests */,
				1362538F2CEF2A020056FD3D /* Products */,
			);
			sourceTree = "<group>";
		};
		1362538F2CEF2A020056FD3D /* Products */ = {
			isa = PBXGroup;
			children = (
				1362538E2CEF2A020056FD3D /* FitnessTrackerApp.app */,
				1362539E2CEF2A070056FD3D /* FitnessTrackerAppTests.xctest */,
				136253A82CEF2A070056FD3D /* FitnessTrackerAppUITests.xctest */,
			);
			name = Products;
			sourceTree = "<group>";
		};
		136253902CEF2A020056FD3D /* FitnessTrackerApp */ = {
			isa = PBXGroup;
			children = (
				136253CB2CEF3B2E0056FD3D /* FitnessTrackerApp.entitlements */,
				136253912CEF2A020056FD3D /* FitnessTrackerAppApp.swift */,
				136253932CEF2A020056FD3D /* ContentView.swift */,
				136253BB2CEF2B1C0056FD3D /* FitnessTabView.swift */,
				136253C52CEF2CF70056FD3D /* HomeView.swift */,
				136253C72CEF2D9F0056FD3D /* ActivityCard.swift */,
				1336A5E72CFB868700F4D0B0 /* GoalsView.swift */,
				136253C92CEF35010056FD3D /* HealthManager.swift */,
				1336A5E92CFBADA200F4D0B0 /* MotivationView.swift */,
				136253952CEF2A060056FD3D /* Assets.xcassets */,
				136253972CEF2A060056FD3D /* Preview Content */,
			);
			path = FitnessTrackerApp;
			sourceTree = "<group>";
		};
		136253972CEF2A060056FD3D /* Preview Content */ = {
			isa = PBXGroup;
			children = (
				136253982CEF2A060056FD3D /* Preview Assets.xcassets */,
			);
			path = "Preview Content";
			sourceTree = "<group>";
		};
		136253A12CEF2A070056FD3D /* FitnessTrackerAppTests */ = {
			isa = PBXGroup;
			children = (
				136253A22CEF2A070056FD3D /* FitnessTrackerAppTests.swift */,
			);
			path = FitnessTrackerAppTests;
			sourceTree = "<group>";
		};
		136253AB2CEF2A070056FD3D /* FitnessTrackerAppUITests */ = {
			isa = PBXGroup;
			children = (
				136253AC2CEF2A070056FD3D /* FitnessTrackerAppUITests.swift */,
				136253AE2CEF2A070056FD3D /* FitnessTrackerAppUITestsLaunchTests.swift */,
			);
			path = FitnessTrackerAppUITests;
			sourceTree = "<group>";
		};
/* End PBXGroup section */

/* Begin PBXNativeTarget section */
		1362538D2CEF2A020056FD3D /* FitnessTrackerApp */ = {
			isa = PBXNativeTarget;
			buildConfigurationList = 136253B22CEF2A070056FD3D /* Build configuration list for PBXNativeTarget "FitnessTrackerApp" */;
			buildPhases = (
				1362538A2CEF2A020056FD3D /* Sources */,
				1362538B2CEF2A020056FD3D /* Frameworks */,
				1362538C2CEF2A020056FD3D /* Resources */,
			);
			buildRules = (
			);
			dependencies = (
			);
			name = FitnessTrackerApp;
			productName = FitnessTrackerApp;
			productReference = 1362538E2CEF2A020056FD3D /* FitnessTrackerApp.app */;
			productType = "com.apple.product-type.application";
		};
		1362539D2CEF2A070056FD3D /* FitnessTrackerAppTests */ = {
			isa = PBXNativeTarget;
			buildConfigurationList = 136253B52CEF2A070056FD3D /* Build configuration list for PBXNativeTarget "FitnessTrackerAppTests" */;
			buildPhases = (
				1362539A2CEF2A070056FD3D /* Sources */,
				1362539B2CEF2A070056FD3D /* Frameworks */,
				1362539C2CEF2A070056FD3D /* Resources */,
			);
			buildRules = (
			);
			dependencies = (
				136253A02CEF2A070056FD3D /* PBXTargetDependency */,
			);
			name = FitnessTrackerAppTests;
			productName = FitnessTrackerAppTests;
			productReference = 1362539E2CEF2A070056FD3D /* FitnessTrackerAppTests.xctest */;
			productType = "com.apple.product-type.bundle.unit-test";
		};
		136253A72CEF2A070056FD3D /* FitnessTrackerAppUITests */ = {
			isa = PBXNativeTarget;
			buildConfigurationList = 136253B82CEF2A070056FD3D /* Build configuration list for PBXNativeTarget "FitnessTrackerAppUITests" */;
			buildPhases = (
				136253A42CEF2A070056FD3D /* Sources */,
				136253A52CEF2A070056FD3D /* Frameworks */,
				136253A62CEF2A070056FD3D /* Resources */,
			);
			buildRules = (
			);
			dependencies = (
				136253AA2CEF2A070056FD3D /* PBXTargetDependency */,
			);
			name = FitnessTrackerAppUITests;
			productName = FitnessTrackerAppUITests;
			productReference = 136253A82CEF2A070056FD3D /* FitnessTrackerAppUITests.xctest */;
			productType = "com.apple.product-type.bundle.ui-testing";
		};
/* End PBXNativeTarget section */

/* Begin PBXProject section */
		136253862CEF2A020056FD3D /* Project object */ = {
			isa = PBXProject;
			attributes = {
				BuildIndependentTargetsInParallel = 1;
				LastSwiftUpdateCheck = 1530;
				LastUpgradeCheck = 1530;
				TargetAttributes = {
					1362538D2CEF2A020056FD3D = {
						CreatedOnToolsVersion = 15.3;
					};
					1362539D2CEF2A070056FD3D = {
						CreatedOnToolsVersion = 15.3;
						TestTargetID = 1362538D2CEF2A020056FD3D;
					};
					136253A72CEF2A070056FD3D = {
						CreatedOnToolsVersion = 15.3;
						TestTargetID = 1362538D2CEF2A020056FD3D;
					};
				};
			};
			buildConfigurationList = 136253892CEF2A020056FD3D /* Build configuration list for PBXProject "FitnessTrackerApp" */;
			compatibilityVersion = "Xcode 14.0";
			developmentRegion = en;
			hasScannedForEncodings = 0;
			knownRegions = (
				en,
				Base,
			);
			mainGroup = 136253852CEF2A020056FD3D;
			productRefGroup = 1362538F2CEF2A020056FD3D /* Products */;
			projectDirPath = "";
			projectRoot = "";
			targets = (
				1362538D2CEF2A020056FD3D /* FitnessTrackerApp */,
				1362539D2CEF2A070056FD3D /* FitnessTrackerAppTests */,
				136253A72CEF2A070056FD3D /* FitnessTrackerAppUITests */,
			);
		};
/* End PBXProject section */

/* Begin PBXResourcesBuildPhase section */
		1362538C2CEF2A020056FD3D /* Resources */ = {
			isa = PBXResourcesBuildPhase;
			buildActionMask = 2147483647;
			files = (
				136253992CEF2A060056FD3D /* Preview Assets.xcassets in Resources */,
				136253962CEF2A060056FD3D /* Assets.xcassets in Resources */,
			);
			runOnlyForDeploymentPostprocessing = 0;
		};
		1362539C2CEF2A070056FD3D /* Resources */ = {
			isa = PBXResourcesBuildPhase;
			buildActionMask = 2147483647;
			files = (
			);
			runOnlyForDeploymentPostprocessing = 0;
		};
		136253A62CEF2A070056FD3D /* Resources */ = {
			isa = PBXResourcesBuildPhase;
			buildActionMask = 2147483647;
			files = (
			);
			runOnlyForDeploymentPostprocessing = 0;
		};
/* End PBXResourcesBuildPhase section */

/* Begin PBXSourcesBuildPhase section */
		1362538A2CEF2A020056FD3D /* Sources */ = {
			isa = PBXSourcesBuildPhase;
			buildActionMask = 2147483647;
			files = (
				136253BC2CEF2B1C0056FD3D /* FitnessTabView.swift in Sources */,
				136253CA2CEF35010056FD3D /* HealthManager.swift in Sources */,
				136253C62CEF2CF70056FD3D /* HomeView.swift in Sources */,
				136253942CEF2A020056FD3D /* ContentView.swift in Sources */,
				1336A5EA2CFBADA200F4D0B0 /* MotivationView.swift in Sources */,
				1336A5E82CFB868700F4D0B0 /* GoalsView.swift in Sources */,
				136253922CEF2A020056FD3D /* FitnessTrackerAppApp.swift in Sources */,
				136253C82CEF2D9F0056FD3D /* ActivityCard.swift in Sources */,
			);
			runOnlyForDeploymentPostprocessing = 0;
		};
		1362539A2CEF2A070056FD3D /* Sources */ = {
			isa = PBXSourcesBuildPhase;
			buildActionMask = 2147483647;
			files = (
				136253A32CEF2A070056FD3D /* FitnessTrackerAppTests.swift in Sources */,
			);
			runOnlyForDeploymentPostprocessing = 0;
		};
		136253A42CEF2A070056FD3D /* Sources */ = {
			isa = PBXSourcesBuildPhase;
			buildActionMask = 2147483647;
			files = (
				136253AF2CEF2A070056FD3D /* FitnessTrackerAppUITestsLaunchTests.swift in Sources */,
				136253AD2CEF2A070056FD3D /* FitnessTrackerAppUITests.swift in Sources */,
			);
			runOnlyForDeploymentPostprocessing = 0;
		};
/* End PBXSourcesBuildPhase section */

/* Begin PBXTargetDependency section */
		136253A02CEF2A070056FD3D /* PBXTargetDependency */ = {
			isa = PBXTargetDependency;
			target = 1362538D2CEF2A020056FD3D /* FitnessTrackerApp */;
			targetProxy = 1362539F2CEF2A070056FD3D /* PBXContainerItemProxy */;
		};
		136253AA2CEF2A070056FD3D /* PBXTargetDependency */ = {
			isa = PBXTargetDependency;
			target = 1362538D2CEF2A020056FD3D /* FitnessTrackerApp */;
			targetProxy = 136253A92CEF2A070056FD3D /* PBXContainerItemProxy */;
		};
/* End PBXTargetDependency section */

/* Begin XCBuildConfiguration section */
		136253B02CEF2A070056FD3D /* Debug */ = {
			isa = XCBuildConfiguration;
			buildSettings = {
				ALWAYS_SEARCH_USER_PATHS = NO;
				ASSETCATALOG_COMPILER_GENERATE_SWIFT_ASSET_SYMBOL_EXTENSIONS = YES;
				CLANG_ANALYZER_NONNULL = YES;
				CLANG_ANALYZER_NUMBER_OBJECT_CONVERSION = YES_AGGRESSIVE;
				CLANG_CXX_LANGUAGE_STANDARD = "gnu++20";
				CLANG_ENABLE_MODULES = YES;
				CLANG_ENABLE_OBJC_ARC = YES;
				CLANG_ENABLE_OBJC_WEAK = YES;
				CLANG_WARN_BLOCK_CAPTURE_AUTORELEASING = YES;
				CLANG_WARN_BOOL_CONVERSION = YES;
				CLANG_WARN_COMMA = YES;
				CLANG_WARN_CONSTANT_CONVERSION = YES;
				CLANG_WARN_DEPRECATED_OBJC_IMPLEMENTATIONS = YES;
				CLANG_WARN_DIRECT_OBJC_ISA_USAGE = YES_ERROR;
				CLANG_WARN_DOCUMENTATION_COMMENTS = YES;
				CLANG_WARN_EMPTY_BODY = YES;
				CLANG_WARN_ENUM_CONVERSION = YES;
				CLANG_WARN_INFINITE_RECURSION = YES;
				CLANG_WARN_INT_CONVERSION = YES;
				CLANG_WARN_NON_LITERAL_NULL_CONVERSION = YES;
				CLANG_WARN_OBJC_IMPLICIT_RETAIN_SELF = YES;
				CLANG_WARN_OBJC_LITERAL_CONVERSION = YES;
				CLANG_WARN_OBJC_ROOT_CLASS = YES_ERROR;
				CLANG_WARN_QUOTED_INCLUDE_IN_FRAMEWORK_HEADER = YES;
				CLANG_WARN_RANGE_LOOP_ANALYSIS = YES;
				CLANG_WARN_STRICT_PROTOTYPES = YES;
				CLANG_WARN_SUSPICIOUS_MOVE = YES;
				CLANG_WARN_UNGUARDED_AVAILABILITY = YES_AGGRESSIVE;
				CLANG_WARN_UNREACHABLE_CODE = YES;
				CLANG_WARN__DUPLICATE_METHOD_MATCH = YES;
				COPY_PHASE_STRIP = NO;
				DEBUG_INFORMATION_FORMAT = dwarf;
				ENABLE_STRICT_OBJC_MSGSEND = YES;
				ENABLE_TESTABILITY = YES;
				ENABLE_USER_SCRIPT_SANDBOXING = YES;
				GCC_C_LANGUAGE_STANDARD = gnu17;
				GCC_DYNAMIC_NO_PIC = NO;
				GCC_NO_COMMON_BLOCKS = YES;
				GCC_OPTIMIZATION_LEVEL = 0;
				GCC_PREPROCESSOR_DEFINITIONS = (
					"DEBUG=1",
					"$(inherited)",
				);
				GCC_WARN_64_TO_32_BIT_CONVERSION = YES;
				GCC_WARN_ABOUT_RETURN_TYPE = YES_ERROR;
				GCC_WARN_UNDECLARED_SELECTOR = YES;
				GCC_WARN_UNINITIALIZED_AUTOS = YES_AGGRESSIVE;
				GCC_WARN_UNUSED_FUNCTION = YES;
				GCC_WARN_UNUSED_VARIABLE = YES;
				IPHONEOS_DEPLOYMENT_TARGET = 17.4;
				LOCALIZATION_PREFERS_STRING_CATALOGS = YES;
				MTL_ENABLE_DEBUG_INFO = INCLUDE_SOURCE;
				MTL_FAST_MATH = YES;
				ONLY_ACTIVE_ARCH = YES;
				SDKROOT = iphoneos;
				SWIFT_ACTIVE_COMPILATION_CONDITIONS = "DEBUG $(inherited)";
				SWIFT_OPTIMIZATION_LEVEL = "-Onone";
			};
			name = Debug;
		};
		136253B12CEF2A070056FD3D /* Release */ = {
			isa = XCBuildConfiguration;
			buildSettings = {
				ALWAYS_SEARCH_USER_PATHS = NO;
				ASSETCATALOG_COMPILER_GENERATE_SWIFT_ASSET_SYMBOL_EXTENSIONS = YES;
				CLANG_ANALYZER_NONNULL = YES;
				CLANG_ANALYZER_NUMBER_OBJECT_CONVERSION = YES_AGGRESSIVE;
				CLANG_CXX_LANGUAGE_STANDARD = "gnu++20";
				CLANG_ENABLE_MODULES = YES;
				CLANG_ENABLE_OBJC_ARC = YES;
				CLANG_ENABLE_OBJC_WEAK = YES;
				CLANG_WARN_BLOCK_CAPTURE_AUTORELEASING = YES;
				CLANG_WARN_BOOL_CONVERSION = YES;
				CLANG_WARN_COMMA = YES;
				CLANG_WARN_CONSTANT_CONVERSION = YES;
				CLANG_WARN_DEPRECATED_OBJC_IMPLEMENTATIONS = YES;
				CLANG_WARN_DIRECT_OBJC_ISA_USAGE = YES_ERROR;
				CLANG_WARN_DOCUMENTATION_COMMENTS = YES;
				CLANG_WARN_EMPTY_BODY = YES;
				CLANG_WARN_ENUM_CONVERSION = YES;
				CLANG_WARN_INFINITE_RECURSION = YES;
				CLANG_WARN_INT_CONVERSION = YES;
				CLANG_WARN_NON_LITERAL_NULL_CONVERSION = YES;
				CLANG_WARN_OBJC_IMPLICIT_RETAIN_SELF = YES;
				CLANG_WARN_OBJC_LITERAL_CONVERSION = YES;
				CLANG_WARN_OBJC_ROOT_CLASS = YES_ERROR;
				CLANG_WARN_QUOTED_INCLUDE_IN_FRAMEWORK_HEADER = YES;
				CLANG_WARN_RANGE_LOOP_ANALYSIS = YES;
				CLANG_WARN_STRICT_PROTOTYPES = YES;
				CLANG_WARN_SUSPICIOUS_MOVE = YES;
				CLANG_WARN_UNGUARDED_AVAILABILITY = YES_AGGRESSIVE;
				CLANG_WARN_UNREACHABLE_CODE = YES;
				CLANG_WARN__DUPLICATE_METHOD_MATCH = YES;
				COPY_PHASE_STRIP = NO;
				DEBUG_INFORMATION_FORMAT = "dwarf-with-dsym";
				ENABLE_NS_ASSERTIONS = NO;
				ENABLE_STRICT_OBJC_MSGSEND = YES;
				ENABLE_USER_SCRIPT_SANDBOXING = YES;
				GCC_C_LANGUAGE_STANDARD = gnu17;
				GCC_NO_COMMON_BLOCKS = YES;
				GCC_WARN_64_TO_32_BIT_CONVERSION = YES;
				GCC_WARN_ABOUT_RETURN_TYPE = YES_ERROR;
				GCC_WARN_UNDECLARED_SELECTOR = YES;
				GCC_WARN_UNINITIALIZED_AUTOS = YES_AGGRESSIVE;
				GCC_WARN_UNUSED_FUNCTION = YES;
				GCC_WARN_UNUSED_VARIABLE = YES;
				IPHONEOS_DEPLOYMENT_TARGET = 17.4;
				LOCALIZATION_PREFERS_STRING_CATALOGS = YES;
				MTL_ENABLE_DEBUG_INFO = NO;
				MTL_FAST_MATH = YES;
				SDKROOT = iphoneos;
				SWIFT_COMPILATION_MODE = wholemodule;
				VALIDATE_PRODUCT = YES;
			};
			name = Release;
		};
		136253B32CEF2A070056FD3D /* Debug */ = {
			isa = XCBuildConfiguration;
			buildSettings = {
				ASSETCATALOG_COMPILER_APPICON_NAME = AppIcon;
				ASSETCATALOG_COMPILER_GLOBAL_ACCENT_COLOR_NAME = AccentColor;
				CODE_SIGN_ENTITLEMENTS = FitnessTrackerApp/FitnessTrackerApp.entitlements;
				CODE_SIGN_STYLE = Automatic;
				CURRENT_PROJECT_VERSION = 1;
				DEVELOPMENT_ASSET_PATHS = "\"FitnessTrackerApp/Preview Content\"";
				DEVELOPMENT_TEAM = KJA96NH7AC;
				ENABLE_PREVIEWS = YES;
				GENERATE_INFOPLIST_FILE = YES;
				INFOPLIST_KEY_NSHealthShareUsageDescription = "Please allow access to enjoy all the features of the application";
				INFOPLIST_KEY_NSMotionUsageDescription = "This app uses motion data to track your activity (e.g., walking, running, cycling) for a personalized experience.";
				INFOPLIST_KEY_UIApplicationSceneManifest_Generation = YES;
				INFOPLIST_KEY_UIApplicationSupportsIndirectInputEvents = YES;
				INFOPLIST_KEY_UILaunchScreen_Generation = YES;
				INFOPLIST_KEY_UISupportedInterfaceOrientations_iPad = "UIInterfaceOrientationPortrait UIInterfaceOrientationPortraitUpsideDown UIInterfaceOrientationLandscapeLeft UIInterfaceOrientationLandscapeRight";
				INFOPLIST_KEY_UISupportedInterfaceOrientations_iPhone = "UIInterfaceOrientationPortrait UIInterfaceOrientationLandscapeLeft UIInterfaceOrientationLandscapeRight";
				LD_RUNPATH_SEARCH_PATHS = (
					"$(inherited)",
					"@executable_path/Frameworks",
				);
				MARKETING_VERSION = 1.0;
				PRODUCT_BUNDLE_IDENTIFIER = ehb.be.FitnessTrackerApp;
				PRODUCT_NAME = "$(TARGET_NAME)";
				SWIFT_EMIT_LOC_STRINGS = YES;
				SWIFT_VERSION = 5.0;
				TARGETED_DEVICE_FAMILY = "1,2";
			};
			name = Debug;
		};
		136253B42CEF2A070056FD3D /* Release */ = {
			isa = XCBuildConfiguration;
			buildSettings = {
				ASSETCATALOG_COMPILER_APPICON_NAME = AppIcon;
				ASSETCATALOG_COMPILER_GLOBAL_ACCENT_COLOR_NAME = AccentColor;
				CODE_SIGN_ENTITLEMENTS = FitnessTrackerApp/FitnessTrackerApp.entitlements;
				CODE_SIGN_STYLE = Automatic;
				CURRENT_PROJECT_VERSION = 1;
				DEVELOPMENT_ASSET_PATHS = "\"FitnessTrackerApp/Preview Content\"";
				DEVELOPMENT_TEAM = KJA96NH7AC;
				ENABLE_PREVIEWS = YES;
				GENERATE_INFOPLIST_FILE = YES;
				INFOPLIST_KEY_NSHealthShareUsageDescription = "Please allow access to enjoy all the features of the application";
				INFOPLIST_KEY_NSMotionUsageDescription = "This app uses motion data to track your activity (e.g., walking, running, cycling) for a personalized experience.";
				INFOPLIST_KEY_UIApplicationSceneManifest_Generation = YES;
				INFOPLIST_KEY_UIApplicationSupportsIndirectInputEvents = YES;
				INFOPLIST_KEY_UILaunchScreen_Generation = YES;
				INFOPLIST_KEY_UISupportedInterfaceOrientations_iPad = "UIInterfaceOrientationPortrait UIInterfaceOrientationPortraitUpsideDown UIInterfaceOrientationLandscapeLeft UIInterfaceOrientationLandscapeRight";
				INFOPLIST_KEY_UISupportedInterfaceOrientations_iPhone = "UIInterfaceOrientationPortrait UIInterfaceOrientationLandscapeLeft UIInterfaceOrientationLandscapeRight";
				LD_RUNPATH_SEARCH_PATHS = (
					"$(inherited)",
					"@executable_path/Frameworks",
				);
				MARKETING_VERSION = 1.0;
				PRODUCT_BUNDLE_IDENTIFIER = ehb.be.FitnessTrackerApp;
				PRODUCT_NAME = "$(TARGET_NAME)";
				SWIFT_EMIT_LOC_STRINGS = YES;
				SWIFT_VERSION = 5.0;
				TARGETED_DEVICE_FAMILY = "1,2";
			};
			name = Release;
		};
		136253B62CEF2A070056FD3D /* Debug */ = {
			isa = XCBuildConfiguration;
			buildSettings = {
				ALWAYS_EMBED_SWIFT_STANDARD_LIBRARIES = YES;
				BUNDLE_LOADER = "$(TEST_HOST)";
				CODE_SIGN_STYLE = Automatic;
				CURRENT_PROJECT_VERSION = 1;
				DEVELOPMENT_TEAM = KJA96NH7AC;
				GENERATE_INFOPLIST_FILE = YES;
				IPHONEOS_DEPLOYMENT_TARGET = 17.4;
				MARKETING_VERSION = 1.0;
				PRODUCT_BUNDLE_IDENTIFIER = ehb.be.FitnessTrackerAppTests;
				PRODUCT_NAME = "$(TARGET_NAME)";
				SWIFT_EMIT_LOC_STRINGS = NO;
				SWIFT_VERSION = 5.0;
				TARGETED_DEVICE_FAMILY = "1,2";
				TEST_HOST = "$(BUILT_PRODUCTS_DIR)/FitnessTrackerApp.app/$(BUNDLE_EXECUTABLE_FOLDER_PATH)/FitnessTrackerApp";
			};
			name = Debug;
		};
		136253B72CEF2A070056FD3D /* Release */ = {
			isa = XCBuildConfiguration;
			buildSettings = {
				ALWAYS_EMBED_SWIFT_STANDARD_LIBRARIES = YES;
				BUNDLE_LOADER = "$(TEST_HOST)";
				CODE_SIGN_STYLE = Automatic;
				CURRENT_PROJECT_VERSION = 1;
				DEVELOPMENT_TEAM = KJA96NH7AC;
				GENERATE_INFOPLIST_FILE = YES;
				IPHONEOS_DEPLOYMENT_TARGET = 17.4;
				MARKETING_VERSION = 1.0;
				PRODUCT_BUNDLE_IDENTIFIER = ehb.be.FitnessTrackerAppTests;
				PRODUCT_NAME = "$(TARGET_NAME)";
				SWIFT_EMIT_LOC_STRINGS = NO;
				SWIFT_VERSION = 5.0;
				TARGETED_DEVICE_FAMILY = "1,2";
				TEST_HOST = "$(BUILT_PRODUCTS_DIR)/FitnessTrackerApp.app/$(BUNDLE_EXECUTABLE_FOLDER_PATH)/FitnessTrackerApp";
			};
			name = Release;
		};
		136253B92CEF2A070056FD3D /* Debug */ = {
			isa = XCBuildConfiguration;
			buildSettings = {
				ALWAYS_EMBED_SWIFT_STANDARD_LIBRARIES = YES;
				CODE_SIGN_STYLE = Automatic;
				CURRENT_PROJECT_VERSION = 1;
				DEVELOPMENT_TEAM = KJA96NH7AC;
				GENERATE_INFOPLIST_FILE = YES;
				MARKETING_VERSION = 1.0;
				PRODUCT_BUNDLE_IDENTIFIER = ehb.be.FitnessTrackerAppUITests;
				PRODUCT_NAME = "$(TARGET_NAME)";
				SWIFT_EMIT_LOC_STRINGS = NO;
				SWIFT_VERSION = 5.0;
				TARGETED_DEVICE_FAMILY = "1,2";
				TEST_TARGET_NAME = FitnessTrackerApp;
			};
			name = Debug;
		};
		136253BA2CEF2A070056FD3D /* Release */ = {
			isa = XCBuildConfiguration;
			buildSettings = {
				ALWAYS_EMBED_SWIFT_STANDARD_LIBRARIES = YES;
				CODE_SIGN_STYLE = Automatic;
				CURRENT_PROJECT_VERSION = 1;
				DEVELOPMENT_TEAM = KJA96NH7AC;
				GENERATE_INFOPLIST_FILE = YES;
				MARKETING_VERSION = 1.0;
				PRODUCT_BUNDLE_IDENTIFIER = ehb.be.FitnessTrackerAppUITests;
				PRODUCT_NAME = "$(TARGET_NAME)";
				SWIFT_EMIT_LOC_STRINGS = NO;
				SWIFT_VERSION = 5.0;
				TARGETED_DEVICE_FAMILY = "1,2";
				TEST_TARGET_NAME = FitnessTrackerApp;
			};
			name = Release;
		};
/* End XCBuildConfiguration section */

/* Begin XCConfigurationList section */
		136253892CEF2A020056FD3D /* Build configuration list for PBXProject "FitnessTrackerApp" */ = {
			isa = XCConfigurationList;
			buildConfigurations = (
				136253B02CEF2A070056FD3D /* Debug */,
				136253B12CEF2A070056FD3D /* Release */,
			);
			defaultConfigurationIsVisible = 0;
			defaultConfigurationName = Release;
		};
		136253B22CEF2A070056FD3D /* Build configuration list for PBXNativeTarget "FitnessTrackerApp" */ = {
			isa = XCConfigurationList;
			buildConfigurations = (
				136253B32CEF2A070056FD3D /* Debug */,
				136253B42CEF2A070056FD3D /* Release */,
			);
			defaultConfigurationIsVisible = 0;
			defaultConfigurationName = Release;
		};
		136253B52CEF2A070056FD3D /* Build configuration list for PBXNativeTarget "FitnessTrackerAppTests" */ = {
			isa = XCConfigurationList;
			buildConfigurations = (
				136253B62CEF2A070056FD3D /* Debug */,
				136253B72CEF2A070056FD3D /* Release */,
			);
			defaultConfigurationIsVisible = 0;
			defaultConfigurationName = Release;
		};
		136253B82CEF2A070056FD3D /* Build configuration list for PBXNativeTarget "FitnessTrackerAppUITests" */ = {
			isa = XCConfigurationList;
			buildConfigurations = (
				136253B92CEF2A070056FD3D /* Debug */,
				136253BA2CEF2A070056FD3D /* Release */,
			);
			defaultConfigurationIsVisible = 0;
			defaultConfigurationName = Release;
		};
/* End XCConfigurationList section */
	};
	rootObject = 136253862CEF2A020056FD3D /* Project object */;
}
